<?xml version="1.0" encoding="utf-8"?>
<Project ToolsVersion="4.0" xmlns="http://schemas.microsoft.com/developer/msbuild/2003">
  <ItemGroup>
    <Filter Include="Command">
      <UniqueIdentifier>{93995380-89BD-4b04-88EB-625FBE52EBFB}</UniqueIdentifier>
      <Extensions>h;hh;hpp;hxx;h++;hm;inl;inc;ipp;xsd</Extensions>
    </Filter>
    <Filter Include="ConsoleApplication">
      <UniqueIdentifier>{4FC737F1-C7A5-4376-A066-2A32D752A2FF}</UniqueIdentifier>
      <Extensions>cpp;c;cc;cxx;c++;cppm;ixx;def;odl;idl;hpj;bat;asm;asmx</Extensions>
    </Filter>
    <Filter Include="BaseLib">
      <UniqueIdentifier>{6ffd1fac-7511-45c0-80cd-f27940357ce9}</UniqueIdentifier>
    </Filter>
  </ItemGroup>
  <ItemGroup>
    <ClCompile Include="ConsoleApplication.cpp">
      <Filter>ConsoleApplication</Filter>
    </ClCompile>
    <ClCompile Include="Command.h">
      <Filter>Command</Filter>
    </ClCompile>
    <ClCompile Include="Command.cpp">
      <Filter>Command</Filter>
    </ClCompile>
    <ClCompile Include="BaseLib.cpp">
      <Filter>BaseLib</Filter>
    </ClCompile>
  </ItemGroup>
  <ItemGroup>
    <ClInclude Include="ConsoleApplication.h">
      <Filter>ConsoleApplication</Filter>
    </ClInclude>
    <ClInclude Include="BaseLib.h">
      <Filter>BaseLib</Filter>
    </ClInclude>
  </ItemGroup>
</Project>